
Microsoft Visual Studio Solution File, Format Version 12.00
# Visual Studio Version 17
VisualStudioVersion = 17.9.34622.214
MinimumVisualStudioVersion = 10.0.40219.1
Project("{9A19103F-16F7-4668-BE54-9A1E7A4F7556}") = "CoachExerciseApp.API", "CoachExerciseApp\CoachExerciseApp.API.csproj", "{E24F7E6B-1337-4978-A955-05E11503A9F7}"
EndProject
Project("{9A19103F-16F7-4668-BE54-9A1E7A4F7556}") = "Infrastructure.API", "Infrastructure\Infrastructure.API.csproj", "{F9099643-CCA0-4506-A688-3F20544E08A0}"
EndProject
Project("{9A19103F-16F7-4668-BE54-9A1E7A4F7556}") = "Application.API", "Application\Application.API.csproj", "{DCD5DED8-A6AA-4088-A67B-B38FCA1239EE}"
EndProject
Project("{9A19103F-16F7-4668-BE54-9A1E7A4F7556}") = "CoachExerciseApp.UI", "CoachExerciseApp.UI\CoachExerciseApp.UI.csproj", "{74AB4499-9788-4EB0-BB7C-3E38379173E8}"
EndProject
Project("{FAE04EC0-301F-11D3-BF4B-00C04F79EFBC}") = "TestServices.API", "TestServices.API\TestServices.API.csproj", "{2B001DBB-3597-4A6E-A639-53DD018E24F7}"
EndProject
Global
	GlobalSection(SolutionConfigurationPlatforms) = preSolution
		Debug|Any CPU = Debug|Any CPU
		Release|Any CPU = Release|Any CPU
	EndGlobalSection
	GlobalSection(ProjectConfigurationPlatforms) = postSolution
		{E24F7E6B-1337-4978-A955-05E11503A9F7}.Debug|Any CPU.ActiveCfg = Debug|Any CPU
		{E24F7E6B-1337-4978-A955-05E11503A9F7}.Debug|Any CPU.Build.0 = Debug|Any CPU
		{E24F7E6B-1337-4978-A955-05E11503A9F7}.Release|Any CPU.ActiveCfg = Release|Any CPU
		{E24F7E6B-1337-4978-A955-05E11503A9F7}.Release|Any CPU.Build.0 = Release|Any CPU
		{F9099643-CCA0-4506-A688-3F20544E08A0}.Debug|Any CPU.ActiveCfg = Debug|Any CPU
		{F9099643-CCA0-4506-A688-3F20544E08A0}.Debug|Any CPU.Build.0 = Debug|Any CPU
		{F9099643-CCA0-4506-A688-3F20544E08A0}.Release|Any CPU.ActiveCfg = Release|Any CPU
		{F9099643-CCA0-4506-A688-3F20544E08A0}.Release|Any CPU.Build.0 = Release|Any CPU
		{DCD5DED8-A6AA-4088-A67B-B38FCA1239EE}.Debug|Any CPU.ActiveCfg = Debug|Any CPU
		{DCD5DED8-A6AA-4088-A67B-B38FCA1239EE}.Debug|Any CPU.Build.0 = Debug|Any CPU
		{DCD5DED8-A6AA-4088-A67B-B38FCA1239EE}.Release|Any CPU.ActiveCfg = Release|Any CPU
		{DCD5DED8-A6AA-4088-A67B-B38FCA1239EE}.Release|Any CPU.Build.0 = Release|Any CPU
		{74AB4499-9788-4EB0-BB7C-3E38379173E8}.Debug|Any CPU.ActiveCfg = Debug|Any CPU
		{74AB4499-9788-4EB0-BB7C-3E38379173E8}.Debug|Any CPU.Build.0 = Debug|Any CPU
		{74AB4499-9788-4EB0-BB7C-3E38379173E8}.Release|Any CPU.ActiveCfg = Release|Any CPU
		{74AB4499-9788-4EB0-BB7C-3E38379173E8}.Release|Any CPU.Build.0 = Release|Any CPU
		{2B001DBB-3597-4A6E-A639-53DD018E24F7}.Debug|Any CPU.ActiveCfg = Debug|Any CPU
		{2B001DBB-3597-4A6E-A639-53DD018E24F7}.Debug|Any CPU.Build.0 = Debug|Any CPU
		{2B001DBB-3597-4A6E-A639-53DD018E24F7}.Release|Any CPU.ActiveCfg = Release|Any CPU
		{2B001DBB-3597-4A6E-A639-53DD018E24F7}.Release|Any CPU.Build.0 = Release|Any CPU
	EndGlobalSection
	GlobalSection(SolutionProperties) = preSolution
		HideSolutionNode = FALSE
	EndGlobalSection
	GlobalSection(ExtensibilityGlobals) = postSolution
		SolutionGuid = {B468F72B-FCCE-4BF9-9E35-B6C221527FCD}
	EndGlobalSection
EndGlobal
